# THIS IS AN AUTOGENERATED FILE. DO NOT EDIT THIS FILE DIRECTLY.
# yarn lockfile v1


mkdirp@^1.0.4:
  version "1.0.4"
  resolved "https://registry.npm.taobao.org/mkdirp/download/mkdirp-1.0.4.tgz?cache=0&sync_timestamp=1587535418745&other_urls=https%3A%2F%2Fregistry.npm.taobao.org%2Fmkdirp%2Fdownload%2Fmkdirp-1.0.4.tgz#3eb5ed62622756d79a5f0e2a221dfebad75c2f7e"
  integrity sha1-PrXtYmInVteaXw4qIh3+utdcL34=

"promise-nodeify@>= 0.1":
  version "3.0.1"
  resolved "https://registry.yarnpkg.com/promise-nodeify/-/promise-nodeify-3.0.1.tgz#f0f5d9720ee9ec71dd2bfa92667be504c10229c2"
  integrity sha512-ghsSuzZXJX8iO7WVec2z7GI+Xk/EyiD+JZK7AZKhUqYfpLa/Zs4ylUD+CwwnKlG6G3HnkUPMAi6PO7zeqGKssg==

"proxying-agent@>= 2.1":
  version "2.4.0"
  resolved "https://registry.yarnpkg.com/proxying-agent/-/proxying-agent-2.4.0.tgz#6796549fc46bf3423554440f64a4449220f9014d"
  integrity sha512-b9vDqIcViJZVsWPpQlp9Py74u+Wqd0a+kMkkg7zX58mwNtrNbOChNlRTM7lUrlpiwNzyJCV8+5D8rnZYLDFh7Q==

tinify@^1.6.0-beta.2:
  version "1.6.0-beta.2"
  resolved "https://registry.yarnpkg.com/tinify/-/tinify-1.6.0-beta.2.tgz#5985ca021d11685d846c53ac8465dce78116adfe"
  integrity sha512-jzOtntNLiRRhMN5AlRlxapUhNYVH3YhU2cfk3Xg2u5g+t4ZfdXe97TqYvIl7cyenfXmqo5SCZet7t4alv53XvQ==
  dependencies:
    promise-nodeify ">= 0.1"
    proxying-agent ">= 2.1"
